
Microsoft Visual Studio Solution File, Format Version 12.00
# Visual Studio Version 17
VisualStudioVersion = 17.4.33603.86
MinimumVisualStudioVersion = 10.0.40219.1
Project("{9A19103F-16F7-4668-BE54-9A1E7A4F7556}") = "MoodleImportUI", "MoodleImportUI\MoodleImportUI.csproj", "{58011415-0E86-461F-A456-1BCE69BA8592}"
EndProject
Project("{9A19103F-16F7-4668-BE54-9A1E7A4F7556}") = "DataAccessLibrary", "DataAccessLibrary\DataAccessLibrary.csproj", "{43C686F7-8D84-438C-B0ED-5F9A46FAADEA}"
EndProject
Global
	GlobalSection(SolutionConfigurationPlatforms) = preSolution
		Debug|Any CPU = Debug|Any CPU
		Release|Any CPU = Release|Any CPU
	EndGlobalSection
	GlobalSection(ProjectConfigurationPlatforms) = postSolution
		{58011415-0E86-461F-A456-1BCE69BA8592}.Debug|Any CPU.ActiveCfg = Debug|Any CPU
		{58011415-0E86-461F-A456-1BCE69BA8592}.Debug|Any CPU.Build.0 = Debug|Any CPU
		{58011415-0E86-461F-A456-1BCE69BA8592}.Release|Any CPU.ActiveCfg = Release|Any CPU
		{58011415-0E86-461F-A456-1BCE69BA8592}.Release|Any CPU.Build.0 = Release|Any CPU
		{43C686F7-8D84-438C-B0ED-5F9A46FAADEA}.Debug|Any CPU.ActiveCfg = Debug|Any CPU
		{43C686F7-8D84-438C-B0ED-5F9A46FAADEA}.Debug|Any CPU.Build.0 = Debug|Any CPU
		{43C686F7-8D84-438C-B0ED-5F9A46FAADEA}.Release|Any CPU.ActiveCfg = Release|Any CPU
		{43C686F7-8D84-438C-B0ED-5F9A46FAADEA}.Release|Any CPU.Build.0 = Release|Any CPU
	EndGlobalSection
	GlobalSection(SolutionProperties) = preSolution
		HideSolutionNode = FALSE
	EndGlobalSection
	GlobalSection(ExtensibilityGlobals) = postSolution
		SolutionGuid = {2D2DB86F-F3A5-45FA-8797-F225AE365F7A}
	EndGlobalSection
EndGlobal
